// !$*UTF8*$!
{
	archiveVersion = 1;
	classes = {
	};
	objectVersion = 46;
	objects = {

/* Begin PBXBuildFile section */
		DC981FE31C75E74800ABFB9A /* main.m in Sources */ = {isa = PBXBuildFile; fileRef = DC981FE21C75E74800ABFB9A /* main.m */; };
		DC981FE61C75E74800ABFB9A /* AppDelegate.m in Sources */ = {isa = PBXBuildFile; fileRef = DC981FE51C75E74800ABFB9A /* AppDelegate.m */; };
		DC981FE91C75E74800ABFB9A /* ViewController.m in Sources */ = {isa = PBXBuildFile; fileRef = DC981FE81C75E74800ABFB9A /* ViewController.m */; };
		DC981FEC1C75E74800ABFB9A /* Main.storyboard in Resources */ = {isa = PBXBuildFile; fileRef = DC981FEA1C75E74800ABFB9A /* Main.storyboard */; };
		DC981FEE1C75E74800ABFB9A /* Assets.xcassets in Resources */ = {isa = PBXBuildFile; fileRef = DC981FED1C75E74800ABFB9A /* Assets.xcassets */; };
		DC981FF11C75E74800ABFB9A /* LaunchScreen.storyboard in Resources */ = {isa = PBXBuildFile; fileRef = DC981FEF1C75E74800ABFB9A /* LaunchScreen.storyboard */; };
/* End PBXBuildFile section */

/* Begin PBXFileReference section */
		DC981FDE1C75E74800ABFB9A /* github demo.app */ = {isa = PBXFileReference; explicitFileType = wrapper.application; includeInIndex = 0; path = "github demo.app"; sourceTree = BUILT_PRODUCTS_DIR; };
		DC981FE21C75E74800ABFB9A /* main.m */ = {isa = PBXFileReference; lastKnownFileType = sourcecode.c.objc; path = main.m; sourceTree = "<group>"; };
		DC981FE41C75E74800ABFB9A /* AppDelegate.h */ = {isa = PBXFileReference; lastKnownFileType = sourcecode.c.h; path = AppDelegate.h; sourceTree = "<group>"; };
		DC981FE51C75E74800ABFB9A /* AppDelegate.m */ = {isa = PBXFileReference; lastKnownFileType = sourcecode.c.objc; path = AppDelegate.m; sourceTree = "<group>"; };
		DC981FE71C75E74800ABFB9A /* ViewController.h */ = {isa = PBXFileReference; lastKnownFileType = sourcecode.c.h; path = ViewController.h; sourceTree = "<group>"; };
		DC981FE81C75E74800ABFB9A /* ViewController.m */ = {isa = PBXFileReference; lastKnownFileType = sourcecode.c.objc; path = ViewController.m; sourceTree = "<group>"; };
		DC981FEB1C75E74800ABFB9A /* Base */ = {isa = PBXFileReference; lastKnownFileType = file.storyboard; name = Base; path = Base.lproj/Main.storyboard; sourceTree = "<group>"; };
		DC981FED1C75E74800ABFB9A /* Assets.xcassets */ = {isa = PBXFileReference; lastKnownFileType = folder.assetcatalog; path = Assets.xcassets; sourceTree = "<group>"; };
		DC981FF01C75E74800ABFB9A /* Base */ = {isa = PBXFileReference; lastKnownFileType = file.storyboard; name = Base; path = Base.lproj/LaunchScreen.storyboard; sourceTree = "<group>"; };
		DC981FF21C75E74800ABFB9A /* Info.plist */ = {isa = PBXFileReference; lastKnownFileType = text.plist.xml; path = Info.plist; sourceTree = "<group>"; };
/* End PBXFileReference section */

/* Begin PBXFrameworksBuildPhase section */
		DC981FDB1C75E74800ABFB9A /* Frameworks */ = {
			isa = PBXFrameworksBuildPhase;
			buildActionMask = 2147483647;
			files = (
			);
			runOnlyForDeploymentPostprocessing = 0;
		};
/* End PBXFrameworksBuildPhase section */

/* Begin PBXGroup section */
		DC981FD51C75E74700ABFB9A = {
			isa = PBXGroup;
			children = (
				DC981FE01C75E74800ABFB9A /* github demo */,
				DC981FDF1C75E74800ABFB9A /* Products */,
			);
			sourceTree = "<group>";
		};
		DC981FDF1C75E74800ABFB9A /* Products */ = {
			isa = PBXGroup;
			children = (
				DC981FDE1C75E74800ABFB9A /* github demo.app */,
			);
			name = Products;
			sourceTree = "<group>";
		};
		DC981FE01C75E74800ABFB9A /* github demo */ = {
			isa = PBXGroup;
			children = (
				DC981FE41C75E74800ABFB9A /* AppDelegate.h */,
				DC981FE51C75E74800ABFB9A /* AppDelegate.m */,
				DC981FE71C75E74800ABFB9A /* ViewController.h */,
				DC981FE81C75E74800ABFB9A /* ViewController.m */,
				DC981FEA1C75E74800ABFB9A /* Main.storyboard */,
				DC981FED1C75E74800ABFB9A /* Assets.xcassets */,
				DC981FEF1C75E74800ABFB9A /* LaunchScreen.storyboard */,
				DC981FF21C75E74800ABFB9A /* Info.plist */,
				DC981FE11C75E74800ABFB9A /* Supporting Files */,
			);
			path = "github demo";
			sourceTree = "<group>";
		};
		DC981FE11C75E74800ABFB9A /* Supporting Files */ = {
			isa = PBXGroup;
			children = (
				DC981FE21C75E74800ABFB9A /* main.m */,
			);
			name = "Supporting Files";
			sourceTree = "<group>";
		};
/* End PBXGroup section */

/* Begin PBXNativeTarget section */
		DC981FDD1C75E74800ABFB9A /* github demo */ = {
			isa = PBXNativeTarget;
			buildConfigurationList = DC981FF51C75E74800ABFB9A /* Build configuration list for PBXNativeTarget "github demo" */;
			buildPhases = (
				DC981FDA1C75E74800ABFB9A /* Sources */,
				DC981FDB1C75E74800ABFB9A /* Frameworks */,
				DC981FDC1C75E74800ABFB9A /* Resources */,
			);
			buildRules = (
			);
			dependencies = (
			);
			name = "github demo";
			productName = "github demo";
			productReference = DC981FDE1C75E74800ABFB9A /* github demo.app */;
			productType = "com.apple.product-type.application";
		};
/* End PBXNativeTarget section */

/* Begin PBXProject section */
		DC981FD61C75E74700ABFB9A /* Project object */ = {
			isa = PBXProject;
			attributes = {
				LastUpgradeCheck = 0720;
				ORGANIZATIONNAME = "Techment DEV";
				TargetAttributes = {
					DC981FDD1C75E74800ABFB9A = {
						CreatedOnToolsVersion = 7.2;
					};
				};
			};
			buildConfigurationList = DC981FD91C75E74700ABFB9A /* Build configuration list for PBXProject "github demo" */;
			compatibilityVersion = "Xcode 3.2";
			developmentRegion = English;
			hasScannedForEncodings = 0;
			knownRegions = (
				en,
				Base,
			);
			mainGroup = DC981FD51C75E74700ABFB9A;
			productRefGroup = DC981FDF1C75E74800ABFB9A /* Products */;
			projectDirPath = "";
			projectRoot = "";
			targets = (
				DC981FDD1C75E74800ABFB9A /* github demo */,
			);
		};
/* End PBXProject section */

/* Begin PBXResourcesBuildPhase section */
		DC981FDC1C75E74800ABFB9A /* Resources */ = {
			isa = PBXResourcesBuildPhase;
			buildActionMask = 2147483647;
			files = (
				DC981FF11C75E74800ABFB9A /* LaunchScreen.storyboard in Resources */,
				DC981FEE1C75E74800ABFB9A /* Assets.xcassets in Resources */,
				DC981FEC1C75E74800ABFB9A /* Main.storyboard in Resources */,
			);
			runOnlyForDeploymentPostprocessing = 0;
		};
/* End PBXResourcesBuildPhase section */

/* Begin PBXSourcesBuildPhase section */
		DC981FDA1C75E74800ABFB9A /* Sources */ = {
			isa = PBXSourcesBuildPhase;
			buildActionMask = 2147483647;
			files = (
				DC981FE91C75E74800ABFB9A /* ViewController.m in Sources */,
				DC981FE61C75E74800ABFB9A /* AppDelegate.m in Sources */,
				DC981FE31C75E74800ABFB9A /* main.m in Sources */,
			);
			runOnlyForDeploymentPostprocessing = 0;
		};
/* End PBXSourcesBuildPhase section */

/* Begin PBXVariantGroup section */
		DC981FEA1C75E74800ABFB9A /* Main.storyboard */ = {
			isa = PBXVariantGroup;
			children = (
				DC981FEB1C75E74800ABFB9A /* Base */,
			);
			name = Main.storyboard;
			sourceTree = "<group>";
		};
		DC981FEF1C75E74800ABFB9A /* LaunchScreen.storyboard */ = {
			isa = PBXVariantGroup;
			children = (
				DC981FF01C75E74800ABFB9A /* Base */,
			);
			name = LaunchScreen.storyboard;
			sourceTree = "<group>";
		};
/* End PBXVariantGroup section */

/* Begin XCBuildConfiguration section */
		DC981FF31C75E74800ABFB9A /* Debug */ = {
			isa = XCBuildConfiguration;
			buildSettings = {
				ALWAYS_SEARCH_USER_PATHS = NO;
				CLANG_CXX_LANGUAGE_STANDARD = "gnu++0x";
				CLANG_CXX_LIBRARY = "libc++";
				CLANG_ENABLE_MODULES = YES;
				CLANG_ENABLE_OBJC_ARC = YES;
				CLANG_WARN_BOOL_CONVERSION = YES;
				CLANG_WARN_CONSTANT_CONVERSION = YES;
				CLANG_WARN_DIRECT_OBJC_ISA_USAGE = YES_ERROR;
				CLANG_WARN_EMPTY_BODY = YES;
				CLANG_WARN_ENUM_CONVERSION = YES;
				CLANG_WARN_INT_CONVERSION = YES;
				CLANG_WARN_OBJC_ROOT_CLASS = YES_ERROR;
				CLANG_WARN_UNREACHABLE_CODE = YES;
				CLANG_WARN__DUPLICATE_METHOD_MATCH = YES;
				"CODE_SIGN_IDENTITY[sdk=iphoneos*]" = "iPhone Developer";
				COPY_PHASE_STRIP = NO;
				DEBUG_INFORMATION_FORMAT = dwarf;
				ENABLE_STRICT_OBJC_MSGSEND = YES;
				ENABLE_TESTABILITY = YES;
				GCC_C_LANGUAGE_STANDARD = gnu99;
				GCC_DYNAMIC_NO_PIC = NO;
				GCC_NO_COMMON_BLOCKS = YES;
				GCC_OPTIMIZATION_LEVEL = 0;
				GCC_PREPROCESSOR_DEFINITIONS = (
					"DEBUG=1",
					"$(inherited)",
				);
				GCC_WARN_64_TO_32_BIT_CONVERSION = YES;
				GCC_WARN_ABOUT_RETURN_TYPE = YES_ERROR;
				GCC_WARN_UNDECLARED_SELECTOR = YES;
				GCC_WARN_UNINITIALIZED_AUTOS = YES_AGGRESSIVE;
				GCC_WARN_UNUSED_FUNCTION = YES;
				GCC_WARN_UNUSED_VARIABLE = YES;
				IPHONEOS_DEPLOYMENT_TARGET = 9.2;
				MTL_ENABLE_DEBUG_INFO = YES;
				ONLY_ACTIVE_ARCH = YES;
				SDKROOT = iphoneos;
			};
			name = Debug;
		};
		DC981FF41C75E74800ABFB9A /* Release */ = {
			isa = XCBuildConfiguration;
			buildSettings = {
				ALWAYS_SEARCH_USER_PATHS = NO;
				CLANG_CXX_LANGUAGE_STANDARD = "gnu++0x";
				CLANG_CXX_LIBRARY = "libc++";
				CLANG_ENABLE_MODULES = YES;
				CLANG_ENABLE_OBJC_ARC = YES;
				CLANG_WARN_BOOL_CONVERSION = YES;
				CLANG_WARN_CONSTANT_CONVERSION = YES;
				CLANG_WARN_DIRECT_OBJC_ISA_USAGE = YES_ERROR;
				CLANG_WARN_EMPTY_BODY = YES;
				CLANG_WARN_ENUM_CONVERSION = YES;
				CLANG_WARN_INT_CONVERSION = YES;
				CLANG_WARN_OBJC_ROOT_CLASS = YES_ERROR;
				CLANG_WARN_UNREACHABLE_CODE = YES;
				CLANG_WARN__DUPLICATE_METHOD_MATCH = YES;
				"CODE_SIGN_IDENTITY[sdk=iphoneos*]" = "iPhone Developer";
				COPY_PHASE_STRIP = NO;
				DEBUG_INFORMATION_FORMAT = "dwarf-with-dsym";
				ENABLE_NS_ASSERTIONS = NO;
				ENABLE_STRICT_OBJC_MSGSEND = YES;
				GCC_C_LANGUAGE_STANDARD = gnu99;
				GCC_NO_COMMON_BLOCKS = YES;
				GCC_WARN_64_TO_32_BIT_CONVERSION = YES;
				GCC_WARN_ABOUT_RETURN_TYPE = YES_ERROR;
				GCC_WARN_UNDECLARED_SELECTOR = YES;
				GCC_WARN_UNINITIALIZED_AUTOS = YES_AGGRESSIVE;
				GCC_WARN_UNUSED_FUNCTION = YES;
				GCC_WARN_UNUSED_VARIABLE = YES;
				IPHONEOS_DEPLOYMENT_TARGET = 9.2;
				MTL_ENABLE_DEBUG_INFO = NO;
				SDKROOT = iphoneos;
				VALIDATE_PRODUCT = YES;
			};
			name = Release;
		};
		DC981FF61C75E74800ABFB9A /* Debug */ = {
			isa = XCBuildConfiguration;
			buildSettings = {
				ASSETCATALOG_COMPILER_APPICON_NAME = AppIcon;
				INFOPLIST_FILE = "github demo/Info.plist";
				LD_RUNPATH_SEARCH_PATHS = "$(inherited) @executable_path/Frameworks";
				PRODUCT_BUNDLE_IDENTIFIER = "my.github-demo";
				PRODUCT_NAME = "$(TARGET_NAME)";
			};
			name = Debug;
		};
		DC981FF71C75E74800ABFB9A /* Release */ = {
			isa = XCBuildConfiguration;
			buildSettings = {
				ASSETCATALOG_COMPILER_APPICON_NAME = AppIcon;
				INFOPLIST_FILE = "github demo/Info.plist";
				LD_RUNPATH_SEARCH_PATHS = "$(inherited) @executable_path/Frameworks";
				PRODUCT_BUNDLE_IDENTIFIER = "my.github-demo";
				PRODUCT_NAME = "$(TARGET_NAME)";
			};
			name = Release;
		};
/* End XCBuildConfiguration section */

/* Begin XCConfigurationList section */
		DC981FD91C75E74700ABFB9A /* Build configuration list for PBXProject "github demo" */ = {
			isa = XCConfigurationList;
			buildConfigurations = (
				DC981FF31C75E74800ABFB9A /* Debug */,
				DC981FF41C75E74800ABFB9A /* Release */,
			);
			defaultConfigurationIsVisible = 0;
			defaultConfigurationName = Release;
		};
		DC981FF51C75E74800ABFB9A /* Build configuration list for PBXNativeTarget "github demo" */ = {
			isa = XCConfigurationList;
			buildConfigurations = (
				DC981FF61C75E74800ABFB9A /* Debug */,
				DC981FF71C75E74800ABFB9A /* Release */,
			);
			defaultConfigurationIsVisible = 0;
		};
/* End XCConfigurationList section */
	};
	rootObject = DC981FD61C75E74700ABFB9A /* Project object */;
}
